Microsoft Visual Studio Solution File, Format Version 12.00
# Visual Studio Version 17
VisualStudioVersion = 17.5.2.0
MinimumVisualStudioVersion = 10.0.40219.1
Project("{FAE04EC0-301F-11D3-BF4B-00C04F79EFBC}") = "Lesson15", "Lesson15.csproj", "{D34BD719-0E9F-B5FD-DF31-58064A50FB51}"
EndProject
Global
	GlobalSection(SolutionConfigurationPlatforms) = preSolution
		Debug|Any CPU = Debug|Any CPU
		Release|Any CPU = Release|Any CPU
	EndGlobalSection
	GlobalSection(ProjectConfigurationPlatforms) = postSolution
		{D34BD719-0E9F-B5FD-DF31-58064A50FB51}.Debug|Any CPU.ActiveCfg = Debug|Any CPU
		{D34BD719-0E9F-B5FD-DF31-58064A50FB51}.Debug|Any CPU.Build.0 = Debug|Any CPU
		{D34BD719-0E9F-B5FD-DF31-58064A50FB51}.Release|Any CPU.ActiveCfg = Release|Any CPU
		{D34BD719-0E9F-B5FD-DF31-58064A50FB51}.Release|Any CPU.Build.0 = Release|Any CPU
	EndGlobalSection
	GlobalSection(SolutionProperties) = preSolution
		HideSolutionNode = FALSE
	EndGlobalSection
	GlobalSection(ExtensibilityGlobals) = postSolution
		SolutionGuid = {38C1BB77-2125-4AFD-82A4-32B4005D0081}
	EndGlobalSection
EndGlobal
